
Microsoft Visual Studio Solution File, Format Version 12.00
# Visual Studio Version 16
VisualStudioVersion = 16.0.30320.27
MinimumVisualStudioVersion = 10.0.40219.1
Project("{F184B08F-C81C-45F6-A57F-5ABD9991F28F}") = "ClassLibrary1", "ClassLibrary1\ClassLibrary1.vbproj", "{5BE7C5A0-1C39-494E-B3FE-9D7E0BF0FBD2}"
EndProject
Global
	GlobalSection(SolutionConfigurationPlatforms) = preSolution
		Debug|Any CPU = Debug|Any CPU
		Release|Any CPU = Release|Any CPU
	EndGlobalSection
	GlobalSection(ProjectConfigurationPlatforms) = postSolution
		{5BE7C5A0-1C39-494E-B3FE-9D7E0BF0FBD2}.Debug|Any CPU.ActiveCfg = Debug|Any CPU
		{5BE7C5A0-1C39-494E-B3FE-9D7E0BF0FBD2}.Debug|Any CPU.Build.0 = Debug|Any CPU
		{5BE7C5A0-1C39-494E-B3FE-9D7E0BF0FBD2}.Release|Any CPU.ActiveCfg = Release|Any CPU
		{5BE7C5A0-1C39-494E-B3FE-9D7E0BF0FBD2}.Release|Any CPU.Build.0 = Release|Any CPU
	EndGlobalSection
	GlobalSection(SolutionProperties) = preSolution
		HideSolutionNode = FALSE
	EndGlobalSection
	GlobalSection(ExtensibilityGlobals) = postSolution
		SolutionGuid = {C730BF7F-9087-4385-BEE8-014CA3184355}
	EndGlobalSection
EndGlobal
